
Microsoft Visual Studio Solution File, Format Version 10.00
# Visual Studio 2008
Project("{8BC9CEB8-8B4A-11D0-8D11-00A0C91BC942}") = "app_1DOFGravComp", "app_1DOFGravComp\app_1DOFGravComp.vcproj", "{81BE55C8-FB14-4BF0-B548-9661039A33F7}"
EndProject
Global
	GlobalSection(SolutionConfigurationPlatforms) = preSolution
		Debug|Win32 = Debug|Win32
		Release|Win32 = Release|Win32
		ReleaseWithDebugInfo|Win32 = ReleaseWithDebugInfo|Win32
	EndGlobalSection
	GlobalSection(ProjectConfigurationPlatforms) = postSolution
		{81BE55C8-FB14-4BF0-B548-9661039A33F7}.Debug|Win32.ActiveCfg = Debug|Win32
		{81BE55C8-FB14-4BF0-B548-9661039A33F7}.Debug|Win32.Build.0 = Debug|Win32
		{81BE55C8-FB14-4BF0-B548-9661039A33F7}.Release|Win32.ActiveCfg = Release|Win32
		{81BE55C8-FB14-4BF0-B548-9661039A33F7}.Release|Win32.Build.0 = Release|Win32
		{81BE55C8-FB14-4BF0-B548-9661039A33F7}.ReleaseWithDebugInfo|Win32.ActiveCfg = ReleaseWithDebugInfo|Win32
		{81BE55C8-FB14-4BF0-B548-9661039A33F7}.ReleaseWithDebugInfo|Win32.Build.0 = ReleaseWithDebugInfo|Win32
	EndGlobalSection
	GlobalSection(SolutionProperties) = preSolution
		HideSolutionNode = FALSE
	EndGlobalSection
EndGlobal
